
Microsoft Visual Studio Solution File, Format Version 12.00
# Visual Studio 2012
Project("{FAE04EC0-301F-11D3-BF4B-00C04F79EFBC}") = "Practical.AI", "Practical.AI\Practical.AI.csproj", "{17ACC5D3-5182-41F2-9358-B2A2919E5D6B}"
EndProject
Project("{FAE04EC0-301F-11D3-BF4B-00C04F79EFBC}") = "AgentService", "AgentService\AgentService.csproj", "{4C174FE5-5540-4CCB-B9CE-20E9933635C6}"
EndProject
Project("{FAE04EC0-301F-11D3-BF4B-00C04F79EFBC}") = "AgentClient", "AgentClient\AgentClient.csproj", "{A0F4A13B-2463-446F-B9BF-35D2A5E30155}"
EndProject
Global
	GlobalSection(SolutionConfigurationPlatforms) = preSolution
		Debug|Any CPU = Debug|Any CPU
		Release|Any CPU = Release|Any CPU
	EndGlobalSection
	GlobalSection(ProjectConfigurationPlatforms) = postSolution
		{17ACC5D3-5182-41F2-9358-B2A2919E5D6B}.Debug|Any CPU.ActiveCfg = Debug|Any CPU
		{17ACC5D3-5182-41F2-9358-B2A2919E5D6B}.Debug|Any CPU.Build.0 = Debug|Any CPU
		{17ACC5D3-5182-41F2-9358-B2A2919E5D6B}.Release|Any CPU.ActiveCfg = Release|Any CPU
		{17ACC5D3-5182-41F2-9358-B2A2919E5D6B}.Release|Any CPU.Build.0 = Release|Any CPU
		{4C174FE5-5540-4CCB-B9CE-20E9933635C6}.Debug|Any CPU.ActiveCfg = Debug|Any CPU
		{4C174FE5-5540-4CCB-B9CE-20E9933635C6}.Debug|Any CPU.Build.0 = Debug|Any CPU
		{4C174FE5-5540-4CCB-B9CE-20E9933635C6}.Release|Any CPU.ActiveCfg = Release|Any CPU
		{4C174FE5-5540-4CCB-B9CE-20E9933635C6}.Release|Any CPU.Build.0 = Release|Any CPU
		{A0F4A13B-2463-446F-B9BF-35D2A5E30155}.Debug|Any CPU.ActiveCfg = Debug|Any CPU
		{A0F4A13B-2463-446F-B9BF-35D2A5E30155}.Debug|Any CPU.Build.0 = Debug|Any CPU
		{A0F4A13B-2463-446F-B9BF-35D2A5E30155}.Release|Any CPU.ActiveCfg = Release|Any CPU
		{A0F4A13B-2463-446F-B9BF-35D2A5E30155}.Release|Any CPU.Build.0 = Release|Any CPU
	EndGlobalSection
	GlobalSection(SolutionProperties) = preSolution
		HideSolutionNode = FALSE
	EndGlobalSection
EndGlobal
